<?xml version="1.0" encoding="utf-8"?>
<Project ToolsVersion="4.0" xmlns="http://schemas.microsoft.com/developer/msbuild/2003">
  <ItemGroup>
    <Filter Include="Source Files">
      <UniqueIdentifier>{001c3041-66d8-45d2-b139-801da3665e46}</UniqueIdentifier>
      <Extensions>cpp;c;cxx;rc;def;r;odl;idl;hpj;bat</Extensions>
    </Filter>
    <Filter Include="Header Files">
      <UniqueIdentifier>{9ebb180e-72fa-4399-9d75-183421f9b474}</UniqueIdentifier>
      <Extensions>h;hpp;hxx;hm;inl</Extensions>
    </Filter>
    <Filter Include="Resource Files">
      <UniqueIdentifier>{6bd12f7b-1928-4573-aac5-9e9b0fe8a16f}</UniqueIdentifier>
      <Extensions>ico;cur;bmp;dlg;rc2;rct;bin;rgs;gif;jpg;jpeg;jpe</Extensions>
    </Filter>
  </ItemGroup>
  <ItemGroup>
    <ClCompile Include="source\Starfox.cpp">
      <Filter>Source Files</Filter>
    </ClCompile>
    <ClCompile Include="source\vector3D.cpp">
      <Filter>Header Files</Filter>
    </ClCompile>
  </ItemGroup>
  <ItemGroup>
    <ClInclude Include="source\3D_Matrix.h">
      <Filter>Header Files</Filter>
    </ClInclude>
    <ClInclude Include="source\StdAfx.h">
      <Filter>Header Files</Filter>
    </ClInclude>
    <ClInclude Include="source\glut.h">
      <Filter>Header Files</Filter>
    </ClInclude>
    <ClInclude Include="source\includes.h">
      <Filter>Header Files</Filter>
    </ClInclude>
    <ClInclude Include="source\intersect.h">
      <Filter>Header Files</Filter>
    </ClInclude>
    <ClInclude Include="source\materials.h">
      <Filter>Header Files</Filter>
    </ClInclude>
    <ClInclude Include="source\mesh.h">
      <Filter>Header Files</Filter>
    </ClInclude>
    <ClInclude Include="source\objectList.h">
      <Filter>Header Files</Filter>
    </ClInclude>
    <ClInclude Include="source\orientation.h">
      <Filter>Header Files</Filter>
    </ClInclude>
    <ClInclude Include="source\path.h">
      <Filter>Header Files</Filter>
    </ClInclude>
    <ClInclude Include="source\point.h">
      <Filter>Header Files</Filter>
    </ClInclude>
    <ClInclude Include="source\ship.h">
      <Filter>Header Files</Filter>
    </ClInclude>
    <ClInclude Include="source\shot.h">
      <Filter>Header Files</Filter>
    </ClInclude>
    <ClInclude Include="source\timer.h">
      <Filter>Header Files</Filter>
    </ClInclude>
    <ClInclude Include="source\vector3D.h">
      <Filter>Header Files</Filter>
    </ClInclude>
  </ItemGroup>
</Project>